
Microsoft Visual Studio Solution File, Format Version 12.00
# Visual Studio Version 17
VisualStudioVersion = 17.7.34202.233
MinimumVisualStudioVersion = 10.0.40219.1
Project("{FAE04EC0-301F-11D3-BF4B-00C04F79EFBC}") = "Matrices", "Matrices.csproj", "{E258BD2B-E8E7-483B-A024-49D01D32577F}"
EndProject
Global
	GlobalSection(SolutionConfigurationPlatforms) = preSolution
		Debug|Any CPU = Debug|Any CPU
		Release|Any CPU = Release|Any CPU
	EndGlobalSection
	GlobalSection(ProjectConfigurationPlatforms) = postSolution
		{E258BD2B-E8E7-483B-A024-49D01D32577F}.Debug|Any CPU.ActiveCfg = Debug|Any CPU
		{E258BD2B-E8E7-483B-A024-49D01D32577F}.Debug|Any CPU.Build.0 = Debug|Any CPU
		{E258BD2B-E8E7-483B-A024-49D01D32577F}.Release|Any CPU.ActiveCfg = Release|Any CPU
		{E258BD2B-E8E7-483B-A024-49D01D32577F}.Release|Any CPU.Build.0 = Release|Any CPU
	EndGlobalSection
	GlobalSection(SolutionProperties) = preSolution
		HideSolutionNode = FALSE
	EndGlobalSection
	GlobalSection(ExtensibilityGlobals) = postSolution
		SolutionGuid = {D02780CE-B1A4-48C1-9F1D-D28097A8C00D}
	EndGlobalSection
EndGlobal
