
Microsoft Visual Studio Solution File, Format Version 12.00
# Visual Studio Version 17
VisualStudioVersion = 17.7.34202.233
MinimumVisualStudioVersion = 10.0.40219.1
Project("{FAE04EC0-301F-11D3-BF4B-00C04F79EFBC}") = "FormyPodstawy", "FormyPodstawy.csproj", "{53D758B2-14E0-4048-821D-867CC423B21B}"
EndProject
Global
	GlobalSection(SolutionConfigurationPlatforms) = preSolution
		Debug|Any CPU = Debug|Any CPU
		Release|Any CPU = Release|Any CPU
	EndGlobalSection
	GlobalSection(ProjectConfigurationPlatforms) = postSolution
		{53D758B2-14E0-4048-821D-867CC423B21B}.Debug|Any CPU.ActiveCfg = Debug|Any CPU
		{53D758B2-14E0-4048-821D-867CC423B21B}.Debug|Any CPU.Build.0 = Debug|Any CPU
		{53D758B2-14E0-4048-821D-867CC423B21B}.Release|Any CPU.ActiveCfg = Release|Any CPU
		{53D758B2-14E0-4048-821D-867CC423B21B}.Release|Any CPU.Build.0 = Release|Any CPU
	EndGlobalSection
	GlobalSection(SolutionProperties) = preSolution
		HideSolutionNode = FALSE
	EndGlobalSection
	GlobalSection(ExtensibilityGlobals) = postSolution
		SolutionGuid = {0AEE2DB6-FFF6-4462-B0EB-1381F9046A7D}
	EndGlobalSection
EndGlobal
