
Microsoft Visual Studio Solution File, Format Version 12.00
# Visual Studio Version 17
VisualStudioVersion = 17.7.34202.233
MinimumVisualStudioVersion = 10.0.40219.1
Project("{FAE04EC0-301F-11D3-BF4B-00C04F79EFBC}") = "Pierwiastki równania kwadratowego", "Pierwiastki równania kwadratowego.csproj", "{68DE7A55-E3C7-4AC5-AC33-48BE54A56DDB}"
EndProject
Global
	GlobalSection(SolutionConfigurationPlatforms) = preSolution
		Debug|Any CPU = Debug|Any CPU
		Release|Any CPU = Release|Any CPU
	EndGlobalSection
	GlobalSection(ProjectConfigurationPlatforms) = postSolution
		{68DE7A55-E3C7-4AC5-AC33-48BE54A56DDB}.Debug|Any CPU.ActiveCfg = Debug|Any CPU
		{68DE7A55-E3C7-4AC5-AC33-48BE54A56DDB}.Debug|Any CPU.Build.0 = Debug|Any CPU
		{68DE7A55-E3C7-4AC5-AC33-48BE54A56DDB}.Release|Any CPU.ActiveCfg = Release|Any CPU
		{68DE7A55-E3C7-4AC5-AC33-48BE54A56DDB}.Release|Any CPU.Build.0 = Release|Any CPU
	EndGlobalSection
	GlobalSection(SolutionProperties) = preSolution
		HideSolutionNode = FALSE
	EndGlobalSection
	GlobalSection(ExtensibilityGlobals) = postSolution
		SolutionGuid = {9DECE797-6355-43FF-96D0-44B25F79CBFE}
	EndGlobalSection
EndGlobal
